
Microsoft Visual Studio Solution File, Format Version 12.00
# Visual Studio Version 17
VisualStudioVersion = 17.3.32922.545
MinimumVisualStudioVersion = 10.0.40219.1
Project("{FAE04EC0-301F-11D3-BF4B-00C04F79EFBC}") = "ToolBox", "ToolBox\ToolBox.csproj", "{4782E10E-B5CC-4C2D-9D7F-D132CB5A50A0}"
EndProject
Project("{FAE04EC0-301F-11D3-BF4B-00C04F79EFBC}") = "ToolBox.Tests", "ToolBox.Tests\ToolBox.Tests.csproj", "{3AE22204-A1B2-4283-B005-2304B4A2928C}"
EndProject
Global
	GlobalSection(SolutionConfigurationPlatforms) = preSolution
		Debug|Any CPU = Debug|Any CPU
		Release|Any CPU = Release|Any CPU
	EndGlobalSection
	GlobalSection(ProjectConfigurationPlatforms) = postSolution
		{4782E10E-B5CC-4C2D-9D7F-D132CB5A50A0}.Debug|Any CPU.ActiveCfg = Debug|Any CPU
		{4782E10E-B5CC-4C2D-9D7F-D132CB5A50A0}.Debug|Any CPU.Build.0 = Debug|Any CPU
		{4782E10E-B5CC-4C2D-9D7F-D132CB5A50A0}.Release|Any CPU.ActiveCfg = Release|Any CPU
		{4782E10E-B5CC-4C2D-9D7F-D132CB5A50A0}.Release|Any CPU.Build.0 = Release|Any CPU
		{3AE22204-A1B2-4283-B005-2304B4A2928C}.Debug|Any CPU.ActiveCfg = Debug|Any CPU
		{3AE22204-A1B2-4283-B005-2304B4A2928C}.Debug|Any CPU.Build.0 = Debug|Any CPU
		{3AE22204-A1B2-4283-B005-2304B4A2928C}.Release|Any CPU.ActiveCfg = Debug|Any CPU
		{3AE22204-A1B2-4283-B005-2304B4A2928C}.Release|Any CPU.Build.0 = Debug|Any CPU
	EndGlobalSection
	GlobalSection(SolutionProperties) = preSolution
		HideSolutionNode = FALSE
	EndGlobalSection
	GlobalSection(ExtensibilityGlobals) = postSolution
		SolutionGuid = {55D1A1FF-C58A-4E24-B12D-453AED44388C}
	EndGlobalSection
EndGlobal
